
Microsoft Visual Studio Solution File, Format Version 11.00
# Visual Studio 2010
Project("{8BC9CEB8-8B4A-11D0-8D11-00A0C91BC942}") = "simple_dll", "simple_dll\simple_dll.vcxproj", "{24102F55-3ED3-4E85-ACB9-7B81D38999EC}"
EndProject
Project("{8BC9CEB8-8B4A-11D0-8D11-00A0C91BC942}") = "simple_dll_test", "simple_dll_test\simple_dll_test.vcxproj", "{4A598D63-1936-4C89-B2E0-775864F96E1D}"
	ProjectSection(ProjectDependencies) = postProject
		{24102F55-3ED3-4E85-ACB9-7B81D38999EC} = {24102F55-3ED3-4E85-ACB9-7B81D38999EC}
	EndProjectSection
EndProject
Project("{8BC9CEB8-8B4A-11D0-8D11-00A0C91BC942}") = "bunny", "bunny\bunny.vcxproj", "{9452BA7E-5197-4097-BB68-2895176DE864}"
	ProjectSection(ProjectDependencies) = postProject
		{CCD29E12-D668-4468-B508-272CFC516FB5} = {CCD29E12-D668-4468-B508-272CFC516FB5}
	EndProjectSection
EndProject
Project("{8BC9CEB8-8B4A-11D0-8D11-00A0C91BC942}") = "vicImgPro", "vicImgPro\vicImgPro.vcxproj", "{CCD29E12-D668-4468-B508-272CFC516FB5}"
EndProject
Project("{8BC9CEB8-8B4A-11D0-8D11-00A0C91BC942}") = "image_to_hex", "image_to_hex\image_to_hex.vcxproj", "{15EBBEC3-9CD9-454A-8A6F-2B1CFCBB9F12}"
EndProject
Project("{8BC9CEB8-8B4A-11D0-8D11-00A0C91BC942}") = "face_rec", "face_rec\face_rec.vcxproj", "{524D7EC2-E959-4EBB-A988-B687CA01E11F}"
EndProject
Project("{8BC9CEB8-8B4A-11D0-8D11-00A0C91BC942}") = "sample_opencv", "sample_opencv\sample_opencv.vcxproj", "{1072AAB4-732A-4B46-9AB4-09D174A36C16}"
EndProject
Project("{8BC9CEB8-8B4A-11D0-8D11-00A0C91BC942}") = "written_rec", "written_rec\written_rec.vcxproj", "{606DBAC5-4DD2-413C-A5D0-5EEABEACB753}"
EndProject
Global
	GlobalSection(SolutionConfigurationPlatforms) = preSolution
		Debug|Win32 = Debug|Win32
		Release|Win32 = Release|Win32
	EndGlobalSection
	GlobalSection(ProjectConfigurationPlatforms) = postSolution
		{24102F55-3ED3-4E85-ACB9-7B81D38999EC}.Debug|Win32.ActiveCfg = Debug|Win32
		{24102F55-3ED3-4E85-ACB9-7B81D38999EC}.Debug|Win32.Build.0 = Debug|Win32
		{24102F55-3ED3-4E85-ACB9-7B81D38999EC}.Release|Win32.ActiveCfg = Release|Win32
		{24102F55-3ED3-4E85-ACB9-7B81D38999EC}.Release|Win32.Build.0 = Release|Win32
		{4A598D63-1936-4C89-B2E0-775864F96E1D}.Debug|Win32.ActiveCfg = Debug|Win32
		{4A598D63-1936-4C89-B2E0-775864F96E1D}.Debug|Win32.Build.0 = Debug|Win32
		{4A598D63-1936-4C89-B2E0-775864F96E1D}.Release|Win32.ActiveCfg = Release|Win32
		{4A598D63-1936-4C89-B2E0-775864F96E1D}.Release|Win32.Build.0 = Release|Win32
		{9452BA7E-5197-4097-BB68-2895176DE864}.Debug|Win32.ActiveCfg = Debug|Win32
		{9452BA7E-5197-4097-BB68-2895176DE864}.Debug|Win32.Build.0 = Debug|Win32
		{9452BA7E-5197-4097-BB68-2895176DE864}.Release|Win32.ActiveCfg = Release|Win32
		{9452BA7E-5197-4097-BB68-2895176DE864}.Release|Win32.Build.0 = Release|Win32
		{CCD29E12-D668-4468-B508-272CFC516FB5}.Debug|Win32.ActiveCfg = Debug|Win32
		{CCD29E12-D668-4468-B508-272CFC516FB5}.Debug|Win32.Build.0 = Debug|Win32
		{CCD29E12-D668-4468-B508-272CFC516FB5}.Release|Win32.ActiveCfg = Release|Win32
		{CCD29E12-D668-4468-B508-272CFC516FB5}.Release|Win32.Build.0 = Release|Win32
		{15EBBEC3-9CD9-454A-8A6F-2B1CFCBB9F12}.Debug|Win32.ActiveCfg = Debug|Win32
		{15EBBEC3-9CD9-454A-8A6F-2B1CFCBB9F12}.Debug|Win32.Build.0 = Debug|Win32
		{15EBBEC3-9CD9-454A-8A6F-2B1CFCBB9F12}.Release|Win32.ActiveCfg = Release|Win32
		{15EBBEC3-9CD9-454A-8A6F-2B1CFCBB9F12}.Release|Win32.Build.0 = Release|Win32
		{524D7EC2-E959-4EBB-A988-B687CA01E11F}.Debug|Win32.ActiveCfg = Debug|Win32
		{524D7EC2-E959-4EBB-A988-B687CA01E11F}.Debug|Win32.Build.0 = Debug|Win32
		{524D7EC2-E959-4EBB-A988-B687CA01E11F}.Release|Win32.ActiveCfg = Release|Win32
		{524D7EC2-E959-4EBB-A988-B687CA01E11F}.Release|Win32.Build.0 = Release|Win32
		{1072AAB4-732A-4B46-9AB4-09D174A36C16}.Debug|Win32.ActiveCfg = Debug|Win32
		{1072AAB4-732A-4B46-9AB4-09D174A36C16}.Debug|Win32.Build.0 = Debug|Win32
		{1072AAB4-732A-4B46-9AB4-09D174A36C16}.Release|Win32.ActiveCfg = Release|Win32
		{1072AAB4-732A-4B46-9AB4-09D174A36C16}.Release|Win32.Build.0 = Release|Win32
		{606DBAC5-4DD2-413C-A5D0-5EEABEACB753}.Debug|Win32.ActiveCfg = Debug|Win32
		{606DBAC5-4DD2-413C-A5D0-5EEABEACB753}.Debug|Win32.Build.0 = Debug|Win32
		{606DBAC5-4DD2-413C-A5D0-5EEABEACB753}.Release|Win32.ActiveCfg = Release|Win32
		{606DBAC5-4DD2-413C-A5D0-5EEABEACB753}.Release|Win32.Build.0 = Release|Win32
	EndGlobalSection
	GlobalSection(SolutionProperties) = preSolution
		HideSolutionNode = FALSE
	EndGlobalSection
EndGlobal
